
Microsoft Visual Studio Solution File, Format Version 12.00
# Visual Studio Version 17
VisualStudioVersion = 17.9.34714.143
MinimumVisualStudioVersion = 10.0.40219.1
Project("{8BC9CEB8-8B4A-11D0-8D11-00A0C91BC942}") = "week02", "week02\week02.vcxproj", "{63331E85-855F-45CF-A1BB-FBB3F2F7EE81}"
EndProject
Global
	GlobalSection(SolutionConfigurationPlatforms) = preSolution
		Debug|x64 = Debug|x64
		Debug|x86 = Debug|x86
		Release|x64 = Release|x64
		Release|x86 = Release|x86
	EndGlobalSection
	GlobalSection(ProjectConfigurationPlatforms) = postSolution
		{63331E85-855F-45CF-A1BB-FBB3F2F7EE81}.Debug|x64.ActiveCfg = Debug|x64
		{63331E85-855F-45CF-A1BB-FBB3F2F7EE81}.Debug|x64.Build.0 = Debug|x64
		{63331E85-855F-45CF-A1BB-FBB3F2F7EE81}.Debug|x86.ActiveCfg = Debug|Win32
		{63331E85-855F-45CF-A1BB-FBB3F2F7EE81}.Debug|x86.Build.0 = Debug|Win32
		{63331E85-855F-45CF-A1BB-FBB3F2F7EE81}.Release|x64.ActiveCfg = Release|x64
		{63331E85-855F-45CF-A1BB-FBB3F2F7EE81}.Release|x64.Build.0 = Release|x64
		{63331E85-855F-45CF-A1BB-FBB3F2F7EE81}.Release|x86.ActiveCfg = Release|Win32
		{63331E85-855F-45CF-A1BB-FBB3F2F7EE81}.Release|x86.Build.0 = Release|Win32
	EndGlobalSection
	GlobalSection(SolutionProperties) = preSolution
		HideSolutionNode = FALSE
	EndGlobalSection
	GlobalSection(ExtensibilityGlobals) = postSolution
		SolutionGuid = {C1BA6ED6-664C-4DBE-A478-52F01AE40857}
	EndGlobalSection
EndGlobal
