
Microsoft Visual Studio Solution File, Format Version 12.00
# Visual Studio Version 17
VisualStudioVersion = 17.9.34714.143
MinimumVisualStudioVersion = 10.0.40219.1
Project("{8BC9CEB8-8B4A-11D0-8D11-00A0C91BC942}") = "day21", "day21\day21.vcxproj", "{B88F4385-4C76-458F-850D-AD40212DA60F}"
EndProject
Global
	GlobalSection(SolutionConfigurationPlatforms) = preSolution
		Debug|x64 = Debug|x64
		Debug|x86 = Debug|x86
		Release|x64 = Release|x64
		Release|x86 = Release|x86
	EndGlobalSection
	GlobalSection(ProjectConfigurationPlatforms) = postSolution
		{B88F4385-4C76-458F-850D-AD40212DA60F}.Debug|x64.ActiveCfg = Debug|x64
		{B88F4385-4C76-458F-850D-AD40212DA60F}.Debug|x64.Build.0 = Debug|x64
		{B88F4385-4C76-458F-850D-AD40212DA60F}.Debug|x86.ActiveCfg = Debug|Win32
		{B88F4385-4C76-458F-850D-AD40212DA60F}.Debug|x86.Build.0 = Debug|Win32
		{B88F4385-4C76-458F-850D-AD40212DA60F}.Release|x64.ActiveCfg = Release|x64
		{B88F4385-4C76-458F-850D-AD40212DA60F}.Release|x64.Build.0 = Release|x64
		{B88F4385-4C76-458F-850D-AD40212DA60F}.Release|x86.ActiveCfg = Release|Win32
		{B88F4385-4C76-458F-850D-AD40212DA60F}.Release|x86.Build.0 = Release|Win32
	EndGlobalSection
	GlobalSection(SolutionProperties) = preSolution
		HideSolutionNode = FALSE
	EndGlobalSection
	GlobalSection(ExtensibilityGlobals) = postSolution
		SolutionGuid = {F611C2FC-4C5A-4FB9-9546-5455DE51754E}
	EndGlobalSection
EndGlobal
