
Microsoft Visual Studio Solution File, Format Version 12.00
# Visual Studio Version 17
VisualStudioVersion = 17.9.34714.143
MinimumVisualStudioVersion = 10.0.40219.1
Project("{8BC9CEB8-8B4A-11D0-8D11-00A0C91BC942}") = "day34", "day34\day34.vcxproj", "{15687232-098C-4672-983B-8D4B49859749}"
EndProject
Global
	GlobalSection(SolutionConfigurationPlatforms) = preSolution
		Debug|x64 = Debug|x64
		Debug|x86 = Debug|x86
		Release|x64 = Release|x64
		Release|x86 = Release|x86
	EndGlobalSection
	GlobalSection(ProjectConfigurationPlatforms) = postSolution
		{15687232-098C-4672-983B-8D4B49859749}.Debug|x64.ActiveCfg = Debug|x64
		{15687232-098C-4672-983B-8D4B49859749}.Debug|x64.Build.0 = Debug|x64
		{15687232-098C-4672-983B-8D4B49859749}.Debug|x86.ActiveCfg = Debug|Win32
		{15687232-098C-4672-983B-8D4B49859749}.Debug|x86.Build.0 = Debug|Win32
		{15687232-098C-4672-983B-8D4B49859749}.Release|x64.ActiveCfg = Release|x64
		{15687232-098C-4672-983B-8D4B49859749}.Release|x64.Build.0 = Release|x64
		{15687232-098C-4672-983B-8D4B49859749}.Release|x86.ActiveCfg = Release|Win32
		{15687232-098C-4672-983B-8D4B49859749}.Release|x86.Build.0 = Release|Win32
	EndGlobalSection
	GlobalSection(SolutionProperties) = preSolution
		HideSolutionNode = FALSE
	EndGlobalSection
	GlobalSection(ExtensibilityGlobals) = postSolution
		SolutionGuid = {6EA7C89C-1553-4C8B-91D1-3745826E3A9A}
	EndGlobalSection
EndGlobal
